
Microsoft Visual Studio Solution File, Format Version 12.00
# Visual Studio Version 17
VisualStudioVersion = 17.6.33829.357
MinimumVisualStudioVersion = 10.0.40219.1
Project("{FAE04EC0-301F-11D3-BF4B-00C04F79EFBC}") = "BecomeADeveloper2023", "BecomeADeveloper2023.csproj", "{ACD58912-6D94-48CD-9258-9012002385C6}"
EndProject
Global
	GlobalSection(SolutionConfigurationPlatforms) = preSolution
		Debug|Any CPU = Debug|Any CPU
		Release|Any CPU = Release|Any CPU
	EndGlobalSection
	GlobalSection(ProjectConfigurationPlatforms) = postSolution
		{ACD58912-6D94-48CD-9258-9012002385C6}.Debug|Any CPU.ActiveCfg = Debug|Any CPU
		{ACD58912-6D94-48CD-9258-9012002385C6}.Debug|Any CPU.Build.0 = Debug|Any CPU
		{ACD58912-6D94-48CD-9258-9012002385C6}.Release|Any CPU.ActiveCfg = Release|Any CPU
		{ACD58912-6D94-48CD-9258-9012002385C6}.Release|Any CPU.Build.0 = Release|Any CPU
	EndGlobalSection
	GlobalSection(SolutionProperties) = preSolution
		HideSolutionNode = FALSE
	EndGlobalSection
	GlobalSection(ExtensibilityGlobals) = postSolution
		SolutionGuid = {5E495011-0A42-4836-A21E-383C85D15177}
	EndGlobalSection
EndGlobal
